
Microsoft Visual Studio Solution File, Format Version 12.00
# Visual Studio 14
VisualStudioVersion = 14.0.25420.1
MinimumVisualStudioVersion = 10.0.40219.1
Project("{FAE04EC0-301F-11D3-BF4B-00C04F79EFBC}") = "QuartzWithNinject", "QuartzWithNinject\QuartzWithNinject.csproj", "{7ADCC286-7FF0-40DA-8C57-20A1B00D7CD4}"
EndProject
Project("{FAE04EC0-301F-11D3-BF4B-00C04F79EFBC}") = "QuartzWithListeners", "QuartzWithListeners\QuartzWithListeners.csproj", "{C4F819B8-9898-445C-A4DE-4F47C4EDA85F}"
EndProject
Project("{FAE04EC0-301F-11D3-BF4B-00C04F79EFBC}") = "QuartzWithXmlConfiguration", "QuartzWithXmlConfiguration\QuartzWithXmlConfiguration.csproj", "{E60813AA-8415-437A-9A34-2FB0C57002F1}"
EndProject
Project("{FAE04EC0-301F-11D3-BF4B-00C04F79EFBC}") = "NLog.File", "NLog.File\NLog.File.csproj", "{64C284BA-805A-4A6D-AF1B-BDF5E70E8835}"
EndProject
Global
	GlobalSection(SolutionConfigurationPlatforms) = preSolution
		Debug|Any CPU = Debug|Any CPU
		Release|Any CPU = Release|Any CPU
	EndGlobalSection
	GlobalSection(ProjectConfigurationPlatforms) = postSolution
		{7ADCC286-7FF0-40DA-8C57-20A1B00D7CD4}.Debug|Any CPU.ActiveCfg = Debug|Any CPU
		{7ADCC286-7FF0-40DA-8C57-20A1B00D7CD4}.Debug|Any CPU.Build.0 = Debug|Any CPU
		{7ADCC286-7FF0-40DA-8C57-20A1B00D7CD4}.Release|Any CPU.ActiveCfg = Release|Any CPU
		{7ADCC286-7FF0-40DA-8C57-20A1B00D7CD4}.Release|Any CPU.Build.0 = Release|Any CPU
		{C4F819B8-9898-445C-A4DE-4F47C4EDA85F}.Debug|Any CPU.ActiveCfg = Debug|Any CPU
		{C4F819B8-9898-445C-A4DE-4F47C4EDA85F}.Debug|Any CPU.Build.0 = Debug|Any CPU
		{C4F819B8-9898-445C-A4DE-4F47C4EDA85F}.Release|Any CPU.ActiveCfg = Release|Any CPU
		{C4F819B8-9898-445C-A4DE-4F47C4EDA85F}.Release|Any CPU.Build.0 = Release|Any CPU
		{E60813AA-8415-437A-9A34-2FB0C57002F1}.Debug|Any CPU.ActiveCfg = Debug|Any CPU
		{E60813AA-8415-437A-9A34-2FB0C57002F1}.Debug|Any CPU.Build.0 = Debug|Any CPU
		{E60813AA-8415-437A-9A34-2FB0C57002F1}.Release|Any CPU.ActiveCfg = Release|Any CPU
		{E60813AA-8415-437A-9A34-2FB0C57002F1}.Release|Any CPU.Build.0 = Release|Any CPU
		{64C284BA-805A-4A6D-AF1B-BDF5E70E8835}.Debug|Any CPU.ActiveCfg = Debug|Any CPU
		{64C284BA-805A-4A6D-AF1B-BDF5E70E8835}.Debug|Any CPU.Build.0 = Debug|Any CPU
		{64C284BA-805A-4A6D-AF1B-BDF5E70E8835}.Release|Any CPU.ActiveCfg = Release|Any CPU
		{64C284BA-805A-4A6D-AF1B-BDF5E70E8835}.Release|Any CPU.Build.0 = Release|Any CPU
	EndGlobalSection
	GlobalSection(SolutionProperties) = preSolution
		HideSolutionNode = FALSE
	EndGlobalSection
EndGlobal
